
Microsoft Visual Studio Solution File, Format Version 12.00
# Visual Studio Version 17
VisualStudioVersion = 17.1.32328.378
MinimumVisualStudioVersion = 10.0.40219.1
Project("{FAE04EC0-301F-11D3-BF4B-00C04F79EFBC}") = "Sipson_0ne_third", "Sipson_0ne_third.csproj", "{B867626A-D0DA-4386-86B8-AEE473824E50}"
EndProject
Global
	GlobalSection(SolutionConfigurationPlatforms) = preSolution
		Debug|Any CPU = Debug|Any CPU
		Release|Any CPU = Release|Any CPU
	EndGlobalSection
	GlobalSection(ProjectConfigurationPlatforms) = postSolution
		{B867626A-D0DA-4386-86B8-AEE473824E50}.Debug|Any CPU.ActiveCfg = Debug|Any CPU
		{B867626A-D0DA-4386-86B8-AEE473824E50}.Debug|Any CPU.Build.0 = Debug|Any CPU
		{B867626A-D0DA-4386-86B8-AEE473824E50}.Release|Any CPU.ActiveCfg = Release|Any CPU
		{B867626A-D0DA-4386-86B8-AEE473824E50}.Release|Any CPU.Build.0 = Release|Any CPU
	EndGlobalSection
	GlobalSection(SolutionProperties) = preSolution
		HideSolutionNode = FALSE
	EndGlobalSection
	GlobalSection(ExtensibilityGlobals) = postSolution
		SolutionGuid = {E084F3E1-8326-4B30-8EA1-79058A7D9DE0}
	EndGlobalSection
EndGlobal
